# THIS IS AN AUTOGENERATED FILE. DO NOT EDIT THIS FILE DIRECTLY.
# yarn lockfile v1


debug@^3.1.0:
  version "3.1.0"
  resolved "https://registry.yarnpkg.com/debug/-/debug-3.1.0.tgz#5bb5a0672628b64149566ba16819e61518c67261"
  dependencies:
    ms "2.0.0"

ms@2.0.0:
  version "2.0.0"
  resolved "https://registry.yarnpkg.com/ms/-/ms-2.0.0.tgz#5608aeadfc00be6c2901df5f9861788de0d597c8"

performance-now@^2.1.0:
  version "2.1.0"
  resolved "https://registry.yarnpkg.com/performance-now/-/performance-now-2.1.0.tgz#6309f4e0e5fa913ec1c69307ae364b4b377c9e7b"

prettier@1.10.2:
  version "1.10.2"
  resolved "https://registry.yarnpkg.com/prettier/-/prettier-1.10.2.tgz#1af8356d1842276a99a5b5529c82dd9e9ad3cc93"

raf@^3.4.0:
  version "3.4.0"
  resolved "https://registry.yarnpkg.com/raf/-/raf-3.4.0.tgz#a28876881b4bc2ca9117d4138163ddb80f781575"
  dependencies:
    performance-now "^2.1.0"
